
Microsoft Visual Studio Solution File, Format Version 12.00
# Visual Studio Version 17
VisualStudioVersion = 17.5.33530.505
MinimumVisualStudioVersion = 10.0.40219.1
Project("{FAE04EC0-301F-11D3-BF4B-00C04F79EFBC}") = "Gotini sabitiya Bilyana", "Gotini sabitiya Bilyana\Gotini sabitiya Bilyana.csproj", "{51DF81FD-7E3A-4DD7-BD8B-D1F2C8AD777F}"
EndProject
Global
	GlobalSection(SolutionConfigurationPlatforms) = preSolution
		Debug|Any CPU = Debug|Any CPU
		Release|Any CPU = Release|Any CPU
	EndGlobalSection
	GlobalSection(ProjectConfigurationPlatforms) = postSolution
		{51DF81FD-7E3A-4DD7-BD8B-D1F2C8AD777F}.Debug|Any CPU.ActiveCfg = Debug|Any CPU
		{51DF81FD-7E3A-4DD7-BD8B-D1F2C8AD777F}.Debug|Any CPU.Build.0 = Debug|Any CPU
		{51DF81FD-7E3A-4DD7-BD8B-D1F2C8AD777F}.Release|Any CPU.ActiveCfg = Release|Any CPU
		{51DF81FD-7E3A-4DD7-BD8B-D1F2C8AD777F}.Release|Any CPU.Build.0 = Release|Any CPU
	EndGlobalSection
	GlobalSection(SolutionProperties) = preSolution
		HideSolutionNode = FALSE
	EndGlobalSection
	GlobalSection(ExtensibilityGlobals) = postSolution
		SolutionGuid = {34A6554B-A8FF-4CC9-A8CC-2FF66A984722}
	EndGlobalSection
EndGlobal
